
Microsoft Visual Studio Solution File, Format Version 12.00
# Visual Studio Version 17
VisualStudioVersion = 17.14.36202.13
MinimumVisualStudioVersion = 10.0.40219.1
Project("{FAE04EC0-301F-11D3-BF4B-00C04F79EFBC}") = "RAGDotNet", "RAGDotNet.csproj", "{B17D214E-A607-4C71-9B8A-F870712606BE}"
EndProject
Global
	GlobalSection(SolutionConfigurationPlatforms) = preSolution
		Debug|Any CPU = Debug|Any CPU
		Release|Any CPU = Release|Any CPU
	EndGlobalSection
	GlobalSection(ProjectConfigurationPlatforms) = postSolution
		{B17D214E-A607-4C71-9B8A-F870712606BE}.Debug|Any CPU.ActiveCfg = Debug|Any CPU
		{B17D214E-A607-4C71-9B8A-F870712606BE}.Debug|Any CPU.Build.0 = Debug|Any CPU
		{B17D214E-A607-4C71-9B8A-F870712606BE}.Release|Any CPU.ActiveCfg = Release|Any CPU
		{B17D214E-A607-4C71-9B8A-F870712606BE}.Release|Any CPU.Build.0 = Release|Any CPU
	EndGlobalSection
	GlobalSection(SolutionProperties) = preSolution
		HideSolutionNode = FALSE
	EndGlobalSection
	GlobalSection(ExtensibilityGlobals) = postSolution
		SolutionGuid = {4CDEBBB4-7791-40D7-8548-1CB7F801F284}
	EndGlobalSection
EndGlobal
